
Microsoft Visual Studio Solution File, Format Version 12.00
# Visual Studio Version 17
VisualStudioVersion = 17.7.34031.279
MinimumVisualStudioVersion = 10.0.40219.1
Project("{FAE04EC0-301F-11D3-BF4B-00C04F79EFBC}") = "EF8Features", "EF8Features\EF8Features.csproj", "{635F56CB-82E8-4627-B1CF-E331BE851018}"
EndProject
Global
	GlobalSection(SolutionConfigurationPlatforms) = preSolution
		Debug|Any CPU = Debug|Any CPU
		Release|Any CPU = Release|Any CPU
	EndGlobalSection
	GlobalSection(ProjectConfigurationPlatforms) = postSolution
		{635F56CB-82E8-4627-B1CF-E331BE851018}.Debug|Any CPU.ActiveCfg = Debug|Any CPU
		{635F56CB-82E8-4627-B1CF-E331BE851018}.Debug|Any CPU.Build.0 = Debug|Any CPU
		{635F56CB-82E8-4627-B1CF-E331BE851018}.Release|Any CPU.ActiveCfg = Release|Any CPU
		{635F56CB-82E8-4627-B1CF-E331BE851018}.Release|Any CPU.Build.0 = Release|Any CPU
	EndGlobalSection
	GlobalSection(SolutionProperties) = preSolution
		HideSolutionNode = FALSE
	EndGlobalSection
	GlobalSection(ExtensibilityGlobals) = postSolution
		SolutionGuid = {E8480C4F-EF78-40D2-962E-26258BC6FC8C}
	EndGlobalSection
EndGlobal
